
Microsoft Visual Studio Solution File, Format Version 12.00
# Visual Studio Version 16
VisualStudioVersion = 16.0.29728.190
MinimumVisualStudioVersion = 10.0.40219.1
Project("{FAE04EC0-301F-11D3-BF4B-00C04F79EFBC}") = "closest", "closest.csproj", "{A6DAD71C-1503-4DF1-B5F7-169487C82668}"
EndProject
Global
	GlobalSection(SolutionConfigurationPlatforms) = preSolution
		Debug|Any CPU = Debug|Any CPU
		Release|Any CPU = Release|Any CPU
	EndGlobalSection
	GlobalSection(ProjectConfigurationPlatforms) = postSolution
		{A6DAD71C-1503-4DF1-B5F7-169487C82668}.Debug|Any CPU.ActiveCfg = Debug|Any CPU
		{A6DAD71C-1503-4DF1-B5F7-169487C82668}.Debug|Any CPU.Build.0 = Debug|Any CPU
		{A6DAD71C-1503-4DF1-B5F7-169487C82668}.Release|Any CPU.ActiveCfg = Release|Any CPU
		{A6DAD71C-1503-4DF1-B5F7-169487C82668}.Release|Any CPU.Build.0 = Release|Any CPU
	EndGlobalSection
	GlobalSection(SolutionProperties) = preSolution
		HideSolutionNode = FALSE
	EndGlobalSection
	GlobalSection(ExtensibilityGlobals) = postSolution
		SolutionGuid = {507D4836-40C8-4567-899A-D5E0470F6783}
	EndGlobalSection
EndGlobal
