
Microsoft Visual Studio Solution File, Format Version 12.00
# Visual Studio 15
VisualStudioVersion = 15.0.26124.0
MinimumVisualStudioVersion = 15.0.26124.0
Project("{FAE04EC0-301F-11D3-BF4B-00C04F79EFBC}") = "T1", "T1\T1.csproj", "{D4C6664A-1D95-4F4D-ADDD-C67208D6217A}"
EndProject
Project("{FAE04EC0-301F-11D3-BF4B-00C04F79EFBC}") = "T1.Tests", "T1.Tests\T1.Tests.csproj", "{BE2883B6-E58D-4B40-9895-534B7D1238B3}"
EndProject
Project("{FAE04EC0-301F-11D3-BF4B-00C04F79EFBC}") = "TestCommon", "..\TestCommon\TestCommon.csproj", "{87ABB37A-9AB5-4961-9E74-BE68350B29FE}"
EndProject
Global
	GlobalSection(SolutionConfigurationPlatforms) = preSolution
		Debug|Any CPU = Debug|Any CPU
		Debug|x64 = Debug|x64
		Debug|x86 = Debug|x86
		Release|Any CPU = Release|Any CPU
		Release|x64 = Release|x64
		Release|x86 = Release|x86
	EndGlobalSection
	GlobalSection(SolutionProperties) = preSolution
		HideSolutionNode = FALSE
	EndGlobalSection
	GlobalSection(ProjectConfigurationPlatforms) = postSolution
		{D4C6664A-1D95-4F4D-ADDD-C67208D6217A}.Debug|Any CPU.ActiveCfg = Debug|Any CPU
		{D4C6664A-1D95-4F4D-ADDD-C67208D6217A}.Debug|Any CPU.Build.0 = Debug|Any CPU
		{D4C6664A-1D95-4F4D-ADDD-C67208D6217A}.Debug|x64.ActiveCfg = Debug|Any CPU
		{D4C6664A-1D95-4F4D-ADDD-C67208D6217A}.Debug|x64.Build.0 = Debug|Any CPU
		{D4C6664A-1D95-4F4D-ADDD-C67208D6217A}.Debug|x86.ActiveCfg = Debug|Any CPU
		{D4C6664A-1D95-4F4D-ADDD-C67208D6217A}.Debug|x86.Build.0 = Debug|Any CPU
		{D4C6664A-1D95-4F4D-ADDD-C67208D6217A}.Release|Any CPU.ActiveCfg = Release|Any CPU
		{D4C6664A-1D95-4F4D-ADDD-C67208D6217A}.Release|Any CPU.Build.0 = Release|Any CPU
		{D4C6664A-1D95-4F4D-ADDD-C67208D6217A}.Release|x64.ActiveCfg = Release|Any CPU
		{D4C6664A-1D95-4F4D-ADDD-C67208D6217A}.Release|x64.Build.0 = Release|Any CPU
		{D4C6664A-1D95-4F4D-ADDD-C67208D6217A}.Release|x86.ActiveCfg = Release|Any CPU
		{D4C6664A-1D95-4F4D-ADDD-C67208D6217A}.Release|x86.Build.0 = Release|Any CPU
		{BE2883B6-E58D-4B40-9895-534B7D1238B3}.Debug|Any CPU.ActiveCfg = Debug|Any CPU
		{BE2883B6-E58D-4B40-9895-534B7D1238B3}.Debug|Any CPU.Build.0 = Debug|Any CPU
		{BE2883B6-E58D-4B40-9895-534B7D1238B3}.Debug|x64.ActiveCfg = Debug|Any CPU
		{BE2883B6-E58D-4B40-9895-534B7D1238B3}.Debug|x64.Build.0 = Debug|Any CPU
		{BE2883B6-E58D-4B40-9895-534B7D1238B3}.Debug|x86.ActiveCfg = Debug|Any CPU
		{BE2883B6-E58D-4B40-9895-534B7D1238B3}.Debug|x86.Build.0 = Debug|Any CPU
		{BE2883B6-E58D-4B40-9895-534B7D1238B3}.Release|Any CPU.ActiveCfg = Release|Any CPU
		{BE2883B6-E58D-4B40-9895-534B7D1238B3}.Release|Any CPU.Build.0 = Release|Any CPU
		{BE2883B6-E58D-4B40-9895-534B7D1238B3}.Release|x64.ActiveCfg = Release|Any CPU
		{BE2883B6-E58D-4B40-9895-534B7D1238B3}.Release|x64.Build.0 = Release|Any CPU
		{BE2883B6-E58D-4B40-9895-534B7D1238B3}.Release|x86.ActiveCfg = Release|Any CPU
		{BE2883B6-E58D-4B40-9895-534B7D1238B3}.Release|x86.Build.0 = Release|Any CPU
		{87ABB37A-9AB5-4961-9E74-BE68350B29FE}.Debug|Any CPU.ActiveCfg = Debug|Any CPU
		{87ABB37A-9AB5-4961-9E74-BE68350B29FE}.Debug|Any CPU.Build.0 = Debug|Any CPU
		{87ABB37A-9AB5-4961-9E74-BE68350B29FE}.Debug|x64.ActiveCfg = Debug|Any CPU
		{87ABB37A-9AB5-4961-9E74-BE68350B29FE}.Debug|x64.Build.0 = Debug|Any CPU
		{87ABB37A-9AB5-4961-9E74-BE68350B29FE}.Debug|x86.ActiveCfg = Debug|Any CPU
		{87ABB37A-9AB5-4961-9E74-BE68350B29FE}.Debug|x86.Build.0 = Debug|Any CPU
		{87ABB37A-9AB5-4961-9E74-BE68350B29FE}.Release|Any CPU.ActiveCfg = Release|Any CPU
		{87ABB37A-9AB5-4961-9E74-BE68350B29FE}.Release|Any CPU.Build.0 = Release|Any CPU
		{87ABB37A-9AB5-4961-9E74-BE68350B29FE}.Release|x64.ActiveCfg = Release|Any CPU
		{87ABB37A-9AB5-4961-9E74-BE68350B29FE}.Release|x64.Build.0 = Release|Any CPU
		{87ABB37A-9AB5-4961-9E74-BE68350B29FE}.Release|x86.ActiveCfg = Release|Any CPU
		{87ABB37A-9AB5-4961-9E74-BE68350B29FE}.Release|x86.Build.0 = Release|Any CPU
	EndGlobalSection
EndGlobal
