
Microsoft Visual Studio Solution File, Format Version 12.00
# Visual Studio Version 16
VisualStudioVersion = 16.0.29728.190
MinimumVisualStudioVersion = 10.0.40219.1
Project("{FAE04EC0-301F-11D3-BF4B-00C04F79EFBC}") = "acycle", "acycle.csproj", "{5A4C6A7B-A2C5-4382-B46E-35E1A0044D78}"
EndProject
Global
	GlobalSection(SolutionConfigurationPlatforms) = preSolution
		Debug|Any CPU = Debug|Any CPU
		Release|Any CPU = Release|Any CPU
	EndGlobalSection
	GlobalSection(ProjectConfigurationPlatforms) = postSolution
		{5A4C6A7B-A2C5-4382-B46E-35E1A0044D78}.Debug|Any CPU.ActiveCfg = Debug|Any CPU
		{5A4C6A7B-A2C5-4382-B46E-35E1A0044D78}.Debug|Any CPU.Build.0 = Debug|Any CPU
		{5A4C6A7B-A2C5-4382-B46E-35E1A0044D78}.Release|Any CPU.ActiveCfg = Release|Any CPU
		{5A4C6A7B-A2C5-4382-B46E-35E1A0044D78}.Release|Any CPU.Build.0 = Release|Any CPU
	EndGlobalSection
	GlobalSection(SolutionProperties) = preSolution
		HideSolutionNode = FALSE
	EndGlobalSection
	GlobalSection(ExtensibilityGlobals) = postSolution
		SolutionGuid = {EEFC33E8-239B-4BAF-9695-13DC57F643B8}
	EndGlobalSection
EndGlobal
