
Microsoft Visual Studio Solution File, Format Version 12.00
# Visual Studio Version 16
VisualStudioVersion = 16.0.29728.190
MinimumVisualStudioVersion = 10.0.40219.1
Project("{FAE04EC0-301F-11D3-BF4B-00C04F79EFBC}") = "kmp", "kmp.csproj", "{A791D331-8D70-4B01-ADE4-A12B16EA67EE}"
EndProject
Global
	GlobalSection(SolutionConfigurationPlatforms) = preSolution
		Debug|Any CPU = Debug|Any CPU
		Release|Any CPU = Release|Any CPU
	EndGlobalSection
	GlobalSection(ProjectConfigurationPlatforms) = postSolution
		{A791D331-8D70-4B01-ADE4-A12B16EA67EE}.Debug|Any CPU.ActiveCfg = Debug|Any CPU
		{A791D331-8D70-4B01-ADE4-A12B16EA67EE}.Debug|Any CPU.Build.0 = Debug|Any CPU
		{A791D331-8D70-4B01-ADE4-A12B16EA67EE}.Release|Any CPU.ActiveCfg = Release|Any CPU
		{A791D331-8D70-4B01-ADE4-A12B16EA67EE}.Release|Any CPU.Build.0 = Release|Any CPU
	EndGlobalSection
	GlobalSection(SolutionProperties) = preSolution
		HideSolutionNode = FALSE
	EndGlobalSection
	GlobalSection(ExtensibilityGlobals) = postSolution
		SolutionGuid = {4A09FBEF-FB7C-4B2F-B006-F52C6041B752}
	EndGlobalSection
EndGlobal
