
Microsoft Visual Studio Solution File, Format Version 12.00
# Visual Studio 15
VisualStudioVersion = 15.0.26124.0
MinimumVisualStudioVersion = 15.0.26124.0
Project("{FAE04EC0-301F-11D3-BF4B-00C04F79EFBC}") = "TestCommon", "..\TestCommon\TestCommon.csproj", "{356710E0-403B-4D8E-B63A-DF629CBCCFB5}"
EndProject
Project("{FAE04EC0-301F-11D3-BF4B-00C04F79EFBC}") = "A2", "A2\A2.csproj", "{BF6ED9C8-982C-47ED-8395-58AF7E32EEBD}"
EndProject
Project("{FAE04EC0-301F-11D3-BF4B-00C04F79EFBC}") = "A2.Tests", "A2.Tests\A2.Tests.csproj", "{59736595-4939-488F-A821-A25308005CFE}"
EndProject
Global
	GlobalSection(SolutionConfigurationPlatforms) = preSolution
		Debug|Any CPU = Debug|Any CPU
		Debug|x64 = Debug|x64
		Debug|x86 = Debug|x86
		Release|Any CPU = Release|Any CPU
		Release|x64 = Release|x64
		Release|x86 = Release|x86
	EndGlobalSection
	GlobalSection(SolutionProperties) = preSolution
		HideSolutionNode = FALSE
	EndGlobalSection
	GlobalSection(ProjectConfigurationPlatforms) = postSolution
		{356710E0-403B-4D8E-B63A-DF629CBCCFB5}.Debug|Any CPU.ActiveCfg = Debug|Any CPU
		{356710E0-403B-4D8E-B63A-DF629CBCCFB5}.Debug|Any CPU.Build.0 = Debug|Any CPU
		{356710E0-403B-4D8E-B63A-DF629CBCCFB5}.Debug|x64.ActiveCfg = Debug|Any CPU
		{356710E0-403B-4D8E-B63A-DF629CBCCFB5}.Debug|x64.Build.0 = Debug|Any CPU
		{356710E0-403B-4D8E-B63A-DF629CBCCFB5}.Debug|x86.ActiveCfg = Debug|Any CPU
		{356710E0-403B-4D8E-B63A-DF629CBCCFB5}.Debug|x86.Build.0 = Debug|Any CPU
		{356710E0-403B-4D8E-B63A-DF629CBCCFB5}.Release|Any CPU.ActiveCfg = Release|Any CPU
		{356710E0-403B-4D8E-B63A-DF629CBCCFB5}.Release|Any CPU.Build.0 = Release|Any CPU
		{356710E0-403B-4D8E-B63A-DF629CBCCFB5}.Release|x64.ActiveCfg = Release|Any CPU
		{356710E0-403B-4D8E-B63A-DF629CBCCFB5}.Release|x64.Build.0 = Release|Any CPU
		{356710E0-403B-4D8E-B63A-DF629CBCCFB5}.Release|x86.ActiveCfg = Release|Any CPU
		{356710E0-403B-4D8E-B63A-DF629CBCCFB5}.Release|x86.Build.0 = Release|Any CPU
		{BF6ED9C8-982C-47ED-8395-58AF7E32EEBD}.Debug|Any CPU.ActiveCfg = Debug|Any CPU
		{BF6ED9C8-982C-47ED-8395-58AF7E32EEBD}.Debug|Any CPU.Build.0 = Debug|Any CPU
		{BF6ED9C8-982C-47ED-8395-58AF7E32EEBD}.Debug|x64.ActiveCfg = Debug|Any CPU
		{BF6ED9C8-982C-47ED-8395-58AF7E32EEBD}.Debug|x64.Build.0 = Debug|Any CPU
		{BF6ED9C8-982C-47ED-8395-58AF7E32EEBD}.Debug|x86.ActiveCfg = Debug|Any CPU
		{BF6ED9C8-982C-47ED-8395-58AF7E32EEBD}.Debug|x86.Build.0 = Debug|Any CPU
		{BF6ED9C8-982C-47ED-8395-58AF7E32EEBD}.Release|Any CPU.ActiveCfg = Release|Any CPU
		{BF6ED9C8-982C-47ED-8395-58AF7E32EEBD}.Release|Any CPU.Build.0 = Release|Any CPU
		{BF6ED9C8-982C-47ED-8395-58AF7E32EEBD}.Release|x64.ActiveCfg = Release|Any CPU
		{BF6ED9C8-982C-47ED-8395-58AF7E32EEBD}.Release|x64.Build.0 = Release|Any CPU
		{BF6ED9C8-982C-47ED-8395-58AF7E32EEBD}.Release|x86.ActiveCfg = Release|Any CPU
		{BF6ED9C8-982C-47ED-8395-58AF7E32EEBD}.Release|x86.Build.0 = Release|Any CPU
		{59736595-4939-488F-A821-A25308005CFE}.Debug|Any CPU.ActiveCfg = Debug|Any CPU
		{59736595-4939-488F-A821-A25308005CFE}.Debug|Any CPU.Build.0 = Debug|Any CPU
		{59736595-4939-488F-A821-A25308005CFE}.Debug|x64.ActiveCfg = Debug|Any CPU
		{59736595-4939-488F-A821-A25308005CFE}.Debug|x64.Build.0 = Debug|Any CPU
		{59736595-4939-488F-A821-A25308005CFE}.Debug|x86.ActiveCfg = Debug|Any CPU
		{59736595-4939-488F-A821-A25308005CFE}.Debug|x86.Build.0 = Debug|Any CPU
		{59736595-4939-488F-A821-A25308005CFE}.Release|Any CPU.ActiveCfg = Release|Any CPU
		{59736595-4939-488F-A821-A25308005CFE}.Release|Any CPU.Build.0 = Release|Any CPU
		{59736595-4939-488F-A821-A25308005CFE}.Release|x64.ActiveCfg = Release|Any CPU
		{59736595-4939-488F-A821-A25308005CFE}.Release|x64.Build.0 = Release|Any CPU
		{59736595-4939-488F-A821-A25308005CFE}.Release|x86.ActiveCfg = Release|Any CPU
		{59736595-4939-488F-A821-A25308005CFE}.Release|x86.Build.0 = Release|Any CPU
	EndGlobalSection
EndGlobal
