
Microsoft Visual Studio Solution File, Format Version 12.00
# Visual Studio Version 16
VisualStudioVersion = 16.0.29728.190
MinimumVisualStudioVersion = 10.0.40219.1
Project("{FAE04EC0-301F-11D3-BF4B-00C04F79EFBC}") = "max pairwise", "max pairwise.csproj", "{ABE2C07A-B6FE-452E-A6A8-17103F0A296E}"
EndProject
Global
	GlobalSection(SolutionConfigurationPlatforms) = preSolution
		Debug|Any CPU = Debug|Any CPU
		Release|Any CPU = Release|Any CPU
	EndGlobalSection
	GlobalSection(ProjectConfigurationPlatforms) = postSolution
		{ABE2C07A-B6FE-452E-A6A8-17103F0A296E}.Debug|Any CPU.ActiveCfg = Debug|Any CPU
		{ABE2C07A-B6FE-452E-A6A8-17103F0A296E}.Debug|Any CPU.Build.0 = Debug|Any CPU
		{ABE2C07A-B6FE-452E-A6A8-17103F0A296E}.Release|Any CPU.ActiveCfg = Release|Any CPU
		{ABE2C07A-B6FE-452E-A6A8-17103F0A296E}.Release|Any CPU.Build.0 = Release|Any CPU
	EndGlobalSection
	GlobalSection(SolutionProperties) = preSolution
		HideSolutionNode = FALSE
	EndGlobalSection
	GlobalSection(ExtensibilityGlobals) = postSolution
		SolutionGuid = {41916CEC-7947-46D1-81D0-E49DC6899A29}
	EndGlobalSection
EndGlobal
