
Microsoft Visual Studio Solution File, Format Version 12.00
# Visual Studio Version 16
VisualStudioVersion = 16.0.29728.190
MinimumVisualStudioVersion = 10.0.40219.1
Project("{FAE04EC0-301F-11D3-BF4B-00C04F79EFBC}") = "strongly connected component", "strongly connected component.csproj", "{AEE6FB85-BE41-4952-B1BD-C9195F068812}"
EndProject
Global
	GlobalSection(SolutionConfigurationPlatforms) = preSolution
		Debug|Any CPU = Debug|Any CPU
		Release|Any CPU = Release|Any CPU
	EndGlobalSection
	GlobalSection(ProjectConfigurationPlatforms) = postSolution
		{AEE6FB85-BE41-4952-B1BD-C9195F068812}.Debug|Any CPU.ActiveCfg = Debug|Any CPU
		{AEE6FB85-BE41-4952-B1BD-C9195F068812}.Debug|Any CPU.Build.0 = Debug|Any CPU
		{AEE6FB85-BE41-4952-B1BD-C9195F068812}.Release|Any CPU.ActiveCfg = Release|Any CPU
		{AEE6FB85-BE41-4952-B1BD-C9195F068812}.Release|Any CPU.Build.0 = Release|Any CPU
	EndGlobalSection
	GlobalSection(SolutionProperties) = preSolution
		HideSolutionNode = FALSE
	EndGlobalSection
	GlobalSection(ExtensibilityGlobals) = postSolution
		SolutionGuid = {E833FCBD-87CF-49B6-9255-C62199873CB1}
	EndGlobalSection
EndGlobal
