
Microsoft Visual Studio Solution File, Format Version 12.00
# Visual Studio Version 16
VisualStudioVersion = 16.0.29728.190
MinimumVisualStudioVersion = 10.0.40219.1
Project("{FAE04EC0-301F-11D3-BF4B-00C04F79EFBC}") = "dijkstra", "dijkstra.csproj", "{AEC7B9C0-9833-47EB-9AA7-7F182EACF52F}"
EndProject
Global
	GlobalSection(SolutionConfigurationPlatforms) = preSolution
		Debug|Any CPU = Debug|Any CPU
		Release|Any CPU = Release|Any CPU
	EndGlobalSection
	GlobalSection(ProjectConfigurationPlatforms) = postSolution
		{AEC7B9C0-9833-47EB-9AA7-7F182EACF52F}.Debug|Any CPU.ActiveCfg = Debug|Any CPU
		{AEC7B9C0-9833-47EB-9AA7-7F182EACF52F}.Debug|Any CPU.Build.0 = Debug|Any CPU
		{AEC7B9C0-9833-47EB-9AA7-7F182EACF52F}.Release|Any CPU.ActiveCfg = Release|Any CPU
		{AEC7B9C0-9833-47EB-9AA7-7F182EACF52F}.Release|Any CPU.Build.0 = Release|Any CPU
	EndGlobalSection
	GlobalSection(SolutionProperties) = preSolution
		HideSolutionNode = FALSE
	EndGlobalSection
	GlobalSection(ExtensibilityGlobals) = postSolution
		SolutionGuid = {331ABC53-F519-4385-B1A5-B796A56AA206}
	EndGlobalSection
EndGlobal
