
Microsoft Visual Studio Solution File, Format Version 12.00
# Visual Studio Version 16
VisualStudioVersion = 16.0.29728.190
MinimumVisualStudioVersion = 10.0.40219.1
Project("{FAE04EC0-301F-11D3-BF4B-00C04F79EFBC}") = "tree order", "tree order.csproj", "{FB823A3C-6CB3-49C4-A305-8E759EFCF167}"
EndProject
Global
	GlobalSection(SolutionConfigurationPlatforms) = preSolution
		Debug|Any CPU = Debug|Any CPU
		Release|Any CPU = Release|Any CPU
	EndGlobalSection
	GlobalSection(ProjectConfigurationPlatforms) = postSolution
		{FB823A3C-6CB3-49C4-A305-8E759EFCF167}.Debug|Any CPU.ActiveCfg = Debug|Any CPU
		{FB823A3C-6CB3-49C4-A305-8E759EFCF167}.Debug|Any CPU.Build.0 = Debug|Any CPU
		{FB823A3C-6CB3-49C4-A305-8E759EFCF167}.Release|Any CPU.ActiveCfg = Release|Any CPU
		{FB823A3C-6CB3-49C4-A305-8E759EFCF167}.Release|Any CPU.Build.0 = Release|Any CPU
	EndGlobalSection
	GlobalSection(SolutionProperties) = preSolution
		HideSolutionNode = FALSE
	EndGlobalSection
	GlobalSection(ExtensibilityGlobals) = postSolution
		SolutionGuid = {87AFA851-254C-4652-A0D9-EE4712315573}
	EndGlobalSection
EndGlobal
