
Microsoft Visual Studio Solution File, Format Version 12.00
# Visual Studio Version 16
VisualStudioVersion = 16.0.29728.190
MinimumVisualStudioVersion = 10.0.40219.1
Project("{FAE04EC0-301F-11D3-BF4B-00C04F79EFBC}") = "fibo last digit", "fibo last digit.csproj", "{328140D4-74AE-4B9F-A6C0-A431B4CEFE61}"
EndProject
Global
	GlobalSection(SolutionConfigurationPlatforms) = preSolution
		Debug|Any CPU = Debug|Any CPU
		Release|Any CPU = Release|Any CPU
	EndGlobalSection
	GlobalSection(ProjectConfigurationPlatforms) = postSolution
		{328140D4-74AE-4B9F-A6C0-A431B4CEFE61}.Debug|Any CPU.ActiveCfg = Debug|Any CPU
		{328140D4-74AE-4B9F-A6C0-A431B4CEFE61}.Debug|Any CPU.Build.0 = Debug|Any CPU
		{328140D4-74AE-4B9F-A6C0-A431B4CEFE61}.Release|Any CPU.ActiveCfg = Release|Any CPU
		{328140D4-74AE-4B9F-A6C0-A431B4CEFE61}.Release|Any CPU.Build.0 = Release|Any CPU
	EndGlobalSection
	GlobalSection(SolutionProperties) = preSolution
		HideSolutionNode = FALSE
	EndGlobalSection
	GlobalSection(ExtensibilityGlobals) = postSolution
		SolutionGuid = {2CC3DF54-3235-422B-B350-00EF3FEEEC37}
	EndGlobalSection
EndGlobal
