
Microsoft Visual Studio Solution File, Format Version 12.00
# Visual Studio Version 16
VisualStudioVersion = 16.0.29728.190
MinimumVisualStudioVersion = 10.0.40219.1
Project("{FAE04EC0-301F-11D3-BF4B-00C04F79EFBC}") = "BW transform", "BW transform.csproj", "{7E3BDD68-585C-48D7-97AF-B5DBB320E7CB}"
EndProject
Global
	GlobalSection(SolutionConfigurationPlatforms) = preSolution
		Debug|Any CPU = Debug|Any CPU
		Release|Any CPU = Release|Any CPU
	EndGlobalSection
	GlobalSection(ProjectConfigurationPlatforms) = postSolution
		{7E3BDD68-585C-48D7-97AF-B5DBB320E7CB}.Debug|Any CPU.ActiveCfg = Debug|Any CPU
		{7E3BDD68-585C-48D7-97AF-B5DBB320E7CB}.Debug|Any CPU.Build.0 = Debug|Any CPU
		{7E3BDD68-585C-48D7-97AF-B5DBB320E7CB}.Release|Any CPU.ActiveCfg = Release|Any CPU
		{7E3BDD68-585C-48D7-97AF-B5DBB320E7CB}.Release|Any CPU.Build.0 = Release|Any CPU
	EndGlobalSection
	GlobalSection(SolutionProperties) = preSolution
		HideSolutionNode = FALSE
	EndGlobalSection
	GlobalSection(ExtensibilityGlobals) = postSolution
		SolutionGuid = {E227BB54-6477-4568-8A4F-DE1547B34C34}
	EndGlobalSection
EndGlobal
