
Microsoft Visual Studio Solution File, Format Version 12.00
# Visual Studio 15
VisualStudioVersion = 15.0.26124.0
MinimumVisualStudioVersion = 15.0.26124.0
Project("{FAE04EC0-301F-11D3-BF4B-00C04F79EFBC}") = "TestCommon", "..\TestCommon\TestCommon.csproj", "{4A3A3F2C-0718-4F6C-83E2-5AB038180B1E}"
EndProject
Project("{FAE04EC0-301F-11D3-BF4B-00C04F79EFBC}") = "A3", "A3\A3.csproj", "{19EEF960-B507-4223-BA5E-4C1D2581CF5A}"
EndProject
Project("{FAE04EC0-301F-11D3-BF4B-00C04F79EFBC}") = "A3.Tests", "A3.Tests\A3.Tests.csproj", "{3E44F1EF-66A0-4DC6-B92D-44E10F55836A}"
EndProject
Global
	GlobalSection(SolutionConfigurationPlatforms) = preSolution
		Debug|Any CPU = Debug|Any CPU
		Debug|x64 = Debug|x64
		Debug|x86 = Debug|x86
		Release|Any CPU = Release|Any CPU
		Release|x64 = Release|x64
		Release|x86 = Release|x86
	EndGlobalSection
	GlobalSection(SolutionProperties) = preSolution
		HideSolutionNode = FALSE
	EndGlobalSection
	GlobalSection(ProjectConfigurationPlatforms) = postSolution
		{4A3A3F2C-0718-4F6C-83E2-5AB038180B1E}.Debug|Any CPU.ActiveCfg = Debug|Any CPU
		{4A3A3F2C-0718-4F6C-83E2-5AB038180B1E}.Debug|Any CPU.Build.0 = Debug|Any CPU
		{4A3A3F2C-0718-4F6C-83E2-5AB038180B1E}.Debug|x64.ActiveCfg = Debug|Any CPU
		{4A3A3F2C-0718-4F6C-83E2-5AB038180B1E}.Debug|x64.Build.0 = Debug|Any CPU
		{4A3A3F2C-0718-4F6C-83E2-5AB038180B1E}.Debug|x86.ActiveCfg = Debug|Any CPU
		{4A3A3F2C-0718-4F6C-83E2-5AB038180B1E}.Debug|x86.Build.0 = Debug|Any CPU
		{4A3A3F2C-0718-4F6C-83E2-5AB038180B1E}.Release|Any CPU.ActiveCfg = Release|Any CPU
		{4A3A3F2C-0718-4F6C-83E2-5AB038180B1E}.Release|Any CPU.Build.0 = Release|Any CPU
		{4A3A3F2C-0718-4F6C-83E2-5AB038180B1E}.Release|x64.ActiveCfg = Release|Any CPU
		{4A3A3F2C-0718-4F6C-83E2-5AB038180B1E}.Release|x64.Build.0 = Release|Any CPU
		{4A3A3F2C-0718-4F6C-83E2-5AB038180B1E}.Release|x86.ActiveCfg = Release|Any CPU
		{4A3A3F2C-0718-4F6C-83E2-5AB038180B1E}.Release|x86.Build.0 = Release|Any CPU
		{19EEF960-B507-4223-BA5E-4C1D2581CF5A}.Debug|Any CPU.ActiveCfg = Debug|Any CPU
		{19EEF960-B507-4223-BA5E-4C1D2581CF5A}.Debug|Any CPU.Build.0 = Debug|Any CPU
		{19EEF960-B507-4223-BA5E-4C1D2581CF5A}.Debug|x64.ActiveCfg = Debug|Any CPU
		{19EEF960-B507-4223-BA5E-4C1D2581CF5A}.Debug|x64.Build.0 = Debug|Any CPU
		{19EEF960-B507-4223-BA5E-4C1D2581CF5A}.Debug|x86.ActiveCfg = Debug|Any CPU
		{19EEF960-B507-4223-BA5E-4C1D2581CF5A}.Debug|x86.Build.0 = Debug|Any CPU
		{19EEF960-B507-4223-BA5E-4C1D2581CF5A}.Release|Any CPU.ActiveCfg = Release|Any CPU
		{19EEF960-B507-4223-BA5E-4C1D2581CF5A}.Release|Any CPU.Build.0 = Release|Any CPU
		{19EEF960-B507-4223-BA5E-4C1D2581CF5A}.Release|x64.ActiveCfg = Release|Any CPU
		{19EEF960-B507-4223-BA5E-4C1D2581CF5A}.Release|x64.Build.0 = Release|Any CPU
		{19EEF960-B507-4223-BA5E-4C1D2581CF5A}.Release|x86.ActiveCfg = Release|Any CPU
		{19EEF960-B507-4223-BA5E-4C1D2581CF5A}.Release|x86.Build.0 = Release|Any CPU
		{3E44F1EF-66A0-4DC6-B92D-44E10F55836A}.Debug|Any CPU.ActiveCfg = Debug|Any CPU
		{3E44F1EF-66A0-4DC6-B92D-44E10F55836A}.Debug|Any CPU.Build.0 = Debug|Any CPU
		{3E44F1EF-66A0-4DC6-B92D-44E10F55836A}.Debug|x64.ActiveCfg = Debug|Any CPU
		{3E44F1EF-66A0-4DC6-B92D-44E10F55836A}.Debug|x64.Build.0 = Debug|Any CPU
		{3E44F1EF-66A0-4DC6-B92D-44E10F55836A}.Debug|x86.ActiveCfg = Debug|Any CPU
		{3E44F1EF-66A0-4DC6-B92D-44E10F55836A}.Debug|x86.Build.0 = Debug|Any CPU
		{3E44F1EF-66A0-4DC6-B92D-44E10F55836A}.Release|Any CPU.ActiveCfg = Release|Any CPU
		{3E44F1EF-66A0-4DC6-B92D-44E10F55836A}.Release|Any CPU.Build.0 = Release|Any CPU
		{3E44F1EF-66A0-4DC6-B92D-44E10F55836A}.Release|x64.ActiveCfg = Release|Any CPU
		{3E44F1EF-66A0-4DC6-B92D-44E10F55836A}.Release|x64.Build.0 = Release|Any CPU
		{3E44F1EF-66A0-4DC6-B92D-44E10F55836A}.Release|x86.ActiveCfg = Release|Any CPU
		{3E44F1EF-66A0-4DC6-B92D-44E10F55836A}.Release|x86.Build.0 = Release|Any CPU
	EndGlobalSection
EndGlobal
