
Microsoft Visual Studio Solution File, Format Version 12.00
# Visual Studio Version 16
VisualStudioVersion = 16.0.29728.190
MinimumVisualStudioVersion = 10.0.40219.1
Project("{FAE04EC0-301F-11D3-BF4B-00C04F79EFBC}") = "tree height", "tree height.csproj", "{D8FBFA64-5874-4CA0-A908-B1431A39C293}"
EndProject
Global
	GlobalSection(SolutionConfigurationPlatforms) = preSolution
		Debug|Any CPU = Debug|Any CPU
		Release|Any CPU = Release|Any CPU
	EndGlobalSection
	GlobalSection(ProjectConfigurationPlatforms) = postSolution
		{D8FBFA64-5874-4CA0-A908-B1431A39C293}.Debug|Any CPU.ActiveCfg = Debug|Any CPU
		{D8FBFA64-5874-4CA0-A908-B1431A39C293}.Debug|Any CPU.Build.0 = Debug|Any CPU
		{D8FBFA64-5874-4CA0-A908-B1431A39C293}.Release|Any CPU.ActiveCfg = Release|Any CPU
		{D8FBFA64-5874-4CA0-A908-B1431A39C293}.Release|Any CPU.Build.0 = Release|Any CPU
	EndGlobalSection
	GlobalSection(SolutionProperties) = preSolution
		HideSolutionNode = FALSE
	EndGlobalSection
	GlobalSection(ExtensibilityGlobals) = postSolution
		SolutionGuid = {666B6763-62CC-4C7A-855E-0EA7F5E42BE0}
	EndGlobalSection
EndGlobal
