
Microsoft Visual Studio Solution File, Format Version 12.00
# Visual Studio Version 16
VisualStudioVersion = 16.0.29728.190
MinimumVisualStudioVersion = 10.0.40219.1
Project("{FAE04EC0-301F-11D3-BF4B-00C04F79EFBC}") = "suffix array", "suffix array.csproj", "{8EB1E86E-0FD5-43B5-BF5B-5DDF2DBC0B52}"
EndProject
Global
	GlobalSection(SolutionConfigurationPlatforms) = preSolution
		Debug|Any CPU = Debug|Any CPU
		Release|Any CPU = Release|Any CPU
	EndGlobalSection
	GlobalSection(ProjectConfigurationPlatforms) = postSolution
		{8EB1E86E-0FD5-43B5-BF5B-5DDF2DBC0B52}.Debug|Any CPU.ActiveCfg = Debug|Any CPU
		{8EB1E86E-0FD5-43B5-BF5B-5DDF2DBC0B52}.Debug|Any CPU.Build.0 = Debug|Any CPU
		{8EB1E86E-0FD5-43B5-BF5B-5DDF2DBC0B52}.Release|Any CPU.ActiveCfg = Release|Any CPU
		{8EB1E86E-0FD5-43B5-BF5B-5DDF2DBC0B52}.Release|Any CPU.Build.0 = Release|Any CPU
	EndGlobalSection
	GlobalSection(SolutionProperties) = preSolution
		HideSolutionNode = FALSE
	EndGlobalSection
	GlobalSection(ExtensibilityGlobals) = postSolution
		SolutionGuid = {2BCBAB65-710D-4540-B3F0-18D6A858361A}
	EndGlobalSection
EndGlobal
