
Microsoft Visual Studio Solution File, Format Version 12.00
# Visual Studio Version 16
VisualStudioVersion = 16.0.29728.190
MinimumVisualStudioVersion = 10.0.40219.1
Project("{FAE04EC0-301F-11D3-BF4B-00C04F79EFBC}") = "fibo again", "fibo again.csproj", "{F0E32E17-CED0-42A3-AC54-3EBA4D203DE7}"
EndProject
Global
	GlobalSection(SolutionConfigurationPlatforms) = preSolution
		Debug|Any CPU = Debug|Any CPU
		Release|Any CPU = Release|Any CPU
	EndGlobalSection
	GlobalSection(ProjectConfigurationPlatforms) = postSolution
		{F0E32E17-CED0-42A3-AC54-3EBA4D203DE7}.Debug|Any CPU.ActiveCfg = Debug|Any CPU
		{F0E32E17-CED0-42A3-AC54-3EBA4D203DE7}.Debug|Any CPU.Build.0 = Debug|Any CPU
		{F0E32E17-CED0-42A3-AC54-3EBA4D203DE7}.Release|Any CPU.ActiveCfg = Release|Any CPU
		{F0E32E17-CED0-42A3-AC54-3EBA4D203DE7}.Release|Any CPU.Build.0 = Release|Any CPU
	EndGlobalSection
	GlobalSection(SolutionProperties) = preSolution
		HideSolutionNode = FALSE
	EndGlobalSection
	GlobalSection(ExtensibilityGlobals) = postSolution
		SolutionGuid = {F9B526D1-26F5-43B0-8F5B-28DBD147DE13}
	EndGlobalSection
EndGlobal
