
Microsoft Visual Studio Solution File, Format Version 12.00
# Visual Studio Version 16
VisualStudioVersion = 16.0.29728.190
MinimumVisualStudioVersion = 10.0.40219.1
Project("{FAE04EC0-301F-11D3-BF4B-00C04F79EFBC}") = "merging table", "merging table.csproj", "{7807057E-C4C6-436B-BB17-382470D1AB15}"
EndProject
Global
	GlobalSection(SolutionConfigurationPlatforms) = preSolution
		Debug|Any CPU = Debug|Any CPU
		Release|Any CPU = Release|Any CPU
	EndGlobalSection
	GlobalSection(ProjectConfigurationPlatforms) = postSolution
		{7807057E-C4C6-436B-BB17-382470D1AB15}.Debug|Any CPU.ActiveCfg = Debug|Any CPU
		{7807057E-C4C6-436B-BB17-382470D1AB15}.Debug|Any CPU.Build.0 = Debug|Any CPU
		{7807057E-C4C6-436B-BB17-382470D1AB15}.Release|Any CPU.ActiveCfg = Release|Any CPU
		{7807057E-C4C6-436B-BB17-382470D1AB15}.Release|Any CPU.Build.0 = Release|Any CPU
	EndGlobalSection
	GlobalSection(SolutionProperties) = preSolution
		HideSolutionNode = FALSE
	EndGlobalSection
	GlobalSection(ExtensibilityGlobals) = postSolution
		SolutionGuid = {CCC525BF-D024-420D-BD11-E32CA21D0458}
	EndGlobalSection
EndGlobal
