
Microsoft Visual Studio Solution File, Format Version 12.00
# Visual Studio Version 16
VisualStudioVersion = 16.0.29728.190
MinimumVisualStudioVersion = 10.0.40219.1
Project("{FAE04EC0-301F-11D3-BF4B-00C04F79EFBC}") = "stack", "stack.csproj", "{204B18C4-681E-4B33-A59F-C4B56B18D8BC}"
EndProject
Global
	GlobalSection(SolutionConfigurationPlatforms) = preSolution
		Debug|Any CPU = Debug|Any CPU
		Release|Any CPU = Release|Any CPU
	EndGlobalSection
	GlobalSection(ProjectConfigurationPlatforms) = postSolution
		{204B18C4-681E-4B33-A59F-C4B56B18D8BC}.Debug|Any CPU.ActiveCfg = Debug|Any CPU
		{204B18C4-681E-4B33-A59F-C4B56B18D8BC}.Debug|Any CPU.Build.0 = Debug|Any CPU
		{204B18C4-681E-4B33-A59F-C4B56B18D8BC}.Release|Any CPU.ActiveCfg = Release|Any CPU
		{204B18C4-681E-4B33-A59F-C4B56B18D8BC}.Release|Any CPU.Build.0 = Release|Any CPU
	EndGlobalSection
	GlobalSection(SolutionProperties) = preSolution
		HideSolutionNode = FALSE
	EndGlobalSection
	GlobalSection(ExtensibilityGlobals) = postSolution
		SolutionGuid = {2CA04FB9-FA05-4DAF-8393-949A980D3FB7}
	EndGlobalSection
EndGlobal
