
Microsoft Visual Studio Solution File, Format Version 12.00
# Visual Studio 15
VisualStudioVersion = 15.0.26124.0
MinimumVisualStudioVersion = 15.0.26124.0
Project("{FAE04EC0-301F-11D3-BF4B-00C04F79EFBC}") = "TestCommon", "..\TestCommon\TestCommon.csproj", "{DF56C790-EBF2-49B3-BE21-E8465B2381C2}"
EndProject
Project("{FAE04EC0-301F-11D3-BF4B-00C04F79EFBC}") = "A8", "A8\A8.csproj", "{6CF5ACF0-9D18-4A60-83BD-D5525D185443}"
EndProject
Project("{FAE04EC0-301F-11D3-BF4B-00C04F79EFBC}") = "A8.Tests", "A8.Tests\A8.Tests.csproj", "{398174E2-3026-4B64-9AF5-24B2551C5721}"
EndProject
Global
	GlobalSection(SolutionConfigurationPlatforms) = preSolution
		Debug|Any CPU = Debug|Any CPU
		Debug|x64 = Debug|x64
		Debug|x86 = Debug|x86
		Release|Any CPU = Release|Any CPU
		Release|x64 = Release|x64
		Release|x86 = Release|x86
	EndGlobalSection
	GlobalSection(SolutionProperties) = preSolution
		HideSolutionNode = FALSE
	EndGlobalSection
	GlobalSection(ProjectConfigurationPlatforms) = postSolution
		{DF56C790-EBF2-49B3-BE21-E8465B2381C2}.Debug|Any CPU.ActiveCfg = Debug|Any CPU
		{DF56C790-EBF2-49B3-BE21-E8465B2381C2}.Debug|Any CPU.Build.0 = Debug|Any CPU
		{DF56C790-EBF2-49B3-BE21-E8465B2381C2}.Debug|x64.ActiveCfg = Debug|Any CPU
		{DF56C790-EBF2-49B3-BE21-E8465B2381C2}.Debug|x64.Build.0 = Debug|Any CPU
		{DF56C790-EBF2-49B3-BE21-E8465B2381C2}.Debug|x86.ActiveCfg = Debug|Any CPU
		{DF56C790-EBF2-49B3-BE21-E8465B2381C2}.Debug|x86.Build.0 = Debug|Any CPU
		{DF56C790-EBF2-49B3-BE21-E8465B2381C2}.Release|Any CPU.ActiveCfg = Release|Any CPU
		{DF56C790-EBF2-49B3-BE21-E8465B2381C2}.Release|Any CPU.Build.0 = Release|Any CPU
		{DF56C790-EBF2-49B3-BE21-E8465B2381C2}.Release|x64.ActiveCfg = Release|Any CPU
		{DF56C790-EBF2-49B3-BE21-E8465B2381C2}.Release|x64.Build.0 = Release|Any CPU
		{DF56C790-EBF2-49B3-BE21-E8465B2381C2}.Release|x86.ActiveCfg = Release|Any CPU
		{DF56C790-EBF2-49B3-BE21-E8465B2381C2}.Release|x86.Build.0 = Release|Any CPU
		{6CF5ACF0-9D18-4A60-83BD-D5525D185443}.Debug|Any CPU.ActiveCfg = Debug|Any CPU
		{6CF5ACF0-9D18-4A60-83BD-D5525D185443}.Debug|Any CPU.Build.0 = Debug|Any CPU
		{6CF5ACF0-9D18-4A60-83BD-D5525D185443}.Debug|x64.ActiveCfg = Debug|Any CPU
		{6CF5ACF0-9D18-4A60-83BD-D5525D185443}.Debug|x64.Build.0 = Debug|Any CPU
		{6CF5ACF0-9D18-4A60-83BD-D5525D185443}.Debug|x86.ActiveCfg = Debug|Any CPU
		{6CF5ACF0-9D18-4A60-83BD-D5525D185443}.Debug|x86.Build.0 = Debug|Any CPU
		{6CF5ACF0-9D18-4A60-83BD-D5525D185443}.Release|Any CPU.ActiveCfg = Release|Any CPU
		{6CF5ACF0-9D18-4A60-83BD-D5525D185443}.Release|Any CPU.Build.0 = Release|Any CPU
		{6CF5ACF0-9D18-4A60-83BD-D5525D185443}.Release|x64.ActiveCfg = Release|Any CPU
		{6CF5ACF0-9D18-4A60-83BD-D5525D185443}.Release|x64.Build.0 = Release|Any CPU
		{6CF5ACF0-9D18-4A60-83BD-D5525D185443}.Release|x86.ActiveCfg = Release|Any CPU
		{6CF5ACF0-9D18-4A60-83BD-D5525D185443}.Release|x86.Build.0 = Release|Any CPU
		{398174E2-3026-4B64-9AF5-24B2551C5721}.Debug|Any CPU.ActiveCfg = Debug|Any CPU
		{398174E2-3026-4B64-9AF5-24B2551C5721}.Debug|Any CPU.Build.0 = Debug|Any CPU
		{398174E2-3026-4B64-9AF5-24B2551C5721}.Debug|x64.ActiveCfg = Debug|Any CPU
		{398174E2-3026-4B64-9AF5-24B2551C5721}.Debug|x64.Build.0 = Debug|Any CPU
		{398174E2-3026-4B64-9AF5-24B2551C5721}.Debug|x86.ActiveCfg = Debug|Any CPU
		{398174E2-3026-4B64-9AF5-24B2551C5721}.Debug|x86.Build.0 = Debug|Any CPU
		{398174E2-3026-4B64-9AF5-24B2551C5721}.Release|Any CPU.ActiveCfg = Release|Any CPU
		{398174E2-3026-4B64-9AF5-24B2551C5721}.Release|Any CPU.Build.0 = Release|Any CPU
		{398174E2-3026-4B64-9AF5-24B2551C5721}.Release|x64.ActiveCfg = Release|Any CPU
		{398174E2-3026-4B64-9AF5-24B2551C5721}.Release|x64.Build.0 = Release|Any CPU
		{398174E2-3026-4B64-9AF5-24B2551C5721}.Release|x86.ActiveCfg = Release|Any CPU
		{398174E2-3026-4B64-9AF5-24B2551C5721}.Release|x86.Build.0 = Release|Any CPU
	EndGlobalSection
EndGlobal
