
Microsoft Visual Studio Solution File, Format Version 12.00
# Visual Studio Version 16
VisualStudioVersion = 16.0.29728.190
MinimumVisualStudioVersion = 10.0.40219.1
Project("{FAE04EC0-301F-11D3-BF4B-00C04F79EFBC}") = "prize", "prize.csproj", "{FC89AB51-5A3C-4514-ADA6-74D58CCE9E21}"
EndProject
Global
	GlobalSection(SolutionConfigurationPlatforms) = preSolution
		Debug|Any CPU = Debug|Any CPU
		Release|Any CPU = Release|Any CPU
	EndGlobalSection
	GlobalSection(ProjectConfigurationPlatforms) = postSolution
		{FC89AB51-5A3C-4514-ADA6-74D58CCE9E21}.Debug|Any CPU.ActiveCfg = Debug|Any CPU
		{FC89AB51-5A3C-4514-ADA6-74D58CCE9E21}.Debug|Any CPU.Build.0 = Debug|Any CPU
		{FC89AB51-5A3C-4514-ADA6-74D58CCE9E21}.Release|Any CPU.ActiveCfg = Release|Any CPU
		{FC89AB51-5A3C-4514-ADA6-74D58CCE9E21}.Release|Any CPU.Build.0 = Release|Any CPU
	EndGlobalSection
	GlobalSection(SolutionProperties) = preSolution
		HideSolutionNode = FALSE
	EndGlobalSection
	GlobalSection(ExtensibilityGlobals) = postSolution
		SolutionGuid = {2875F516-00D6-40C1-B230-C17A489C7487}
	EndGlobalSection
EndGlobal
