
Microsoft Visual Studio Solution File, Format Version 12.00
# Visual Studio Version 16
VisualStudioVersion = 16.0.29728.190
MinimumVisualStudioVersion = 10.0.40219.1
Project("{FAE04EC0-301F-11D3-BF4B-00C04F79EFBC}") = "AdBudgetAllocation", "AdBudgetAllocation.csproj", "{BFE1BCAF-3EE5-483A-ADE3-9977F72609AF}"
EndProject
Global
	GlobalSection(SolutionConfigurationPlatforms) = preSolution
		Debug|Any CPU = Debug|Any CPU
		Release|Any CPU = Release|Any CPU
	EndGlobalSection
	GlobalSection(ProjectConfigurationPlatforms) = postSolution
		{BFE1BCAF-3EE5-483A-ADE3-9977F72609AF}.Debug|Any CPU.ActiveCfg = Debug|Any CPU
		{BFE1BCAF-3EE5-483A-ADE3-9977F72609AF}.Debug|Any CPU.Build.0 = Debug|Any CPU
		{BFE1BCAF-3EE5-483A-ADE3-9977F72609AF}.Release|Any CPU.ActiveCfg = Release|Any CPU
		{BFE1BCAF-3EE5-483A-ADE3-9977F72609AF}.Release|Any CPU.Build.0 = Release|Any CPU
	EndGlobalSection
	GlobalSection(SolutionProperties) = preSolution
		HideSolutionNode = FALSE
	EndGlobalSection
	GlobalSection(ExtensibilityGlobals) = postSolution
		SolutionGuid = {CCECED9B-A5EB-4078-AB68-CAF2A5F269CA}
	EndGlobalSection
EndGlobal
